<?xml version="1.0" encoding="utf-8"?>
<Project ToolsVersion="4.0" xmlns="http://schemas.microsoft.com/developer/msbuild/2003">
  <ItemGroup>
    <Filter Include="Source Files">
      <UniqueIdentifier>{4FC737F1-C7A5-4376-A066-2A32D752A2FF}</UniqueIdentifier>
      <Extensions>cpp;c;cc;cxx;def;odl;idl;hpj;bat;asm;asmx</Extensions>
    </Filter>
    <Filter Include="Header Files">
      <UniqueIdentifier>{93995380-89BD-4b04-88EB-625FBE52EBFB}</UniqueIdentifier>
      <Extensions>h;hpp;hxx;hm;inl;inc;xsd</Extensions>
    </Filter>
    <Filter Include="Resource Files">
      <UniqueIdentifier>{67DA6AB6-F800-4c08-8B7A-83BB121AAD01}</UniqueIdentifier>
      <Extensions>rc;ico;cur;bmp;dlg;rc2;rct;bin;rgs;gif;jpg;jpeg;jpe;resx;tiff;tif;png;wav;mfcribbon-ms</Extensions>
    </Filter>
    <Filter Include="FoofUtils">
      <UniqueIdentifier>{d69a2c31-051d-4ab3-8171-16b1c450ee81}</UniqueIdentifier>
    </Filter>
    <Filter Include="Dialogs">
      <UniqueIdentifier>{0ff1bf2c-27f4-420b-97bf-2687657d2768}</UniqueIdentifier>
    </Filter>
    <Filter Include="FoofGame">
      <UniqueIdentifier>{399321ad-83ab-408f-8f89-6a41d0655bac}</UniqueIdentifier>
    </Filter>
  </ItemGroup>
  <ItemGroup>
    <ClCompile Include="main.cpp">
      <Filter>Source Files</Filter>
    </ClCompile>
    <ClCompile Include="Renderer.cpp">
      <Filter>Source Files</Filter>
    </ClCompile>
    <ClCompile Include="LevelScene.cpp">
      <Filter>Source Files</Filter>
    </ClCompile>
    <ClCompile Include="FoofWin32Util.cpp">
      <Filter>FoofUtils</Filter>
    </ClCompile>
    <ClCompile Include="GDIImageLoader.cpp">
      <Filter>FoofUtils</Filter>
    </ClCompile>
    <ClCompile Include="ScrollingComponent.cpp">
      <Filter>FoofUtils</Filter>
    </ClCompile>
    <ClCompile Include="TextureAtlasManager.cpp">
      <Filter>Source Files</Filter>
    </ClCompile>
    <ClCompile Include="ToolBoxWindow.cpp">
      <Filter>Dialogs</Filter>
    </ClCompile>
    <ClCompile Include="LevelFileIO.cpp">
      <Filter>Source Files</Filter>
    </ClCompile>
    <ClCompile Include="Animation.cpp">
      <Filter>Source Files</Filter>
    </ClCompile>
    <ClCompile Include="Player.cpp">
      <Filter>Source Files</Filter>
    </ClCompile>
    <ClCompile Include="Collision.cpp">
      <Filter>Source Files</Filter>
    </ClCompile>
    <ClCompile Include="FoofMath.cpp">
      <Filter>Source Files</Filter>
    </ClCompile>
    <ClCompile Include="Mover.cpp">
      <Filter>Source Files</Filter>
    </ClCompile>
    <ClCompile Include="PropStruct.cpp">
      <Filter>Source Files</Filter>
    </ClCompile>
  </ItemGroup>
  <ItemGroup>
    <ClInclude Include="Renderer.h">
      <Filter>Header Files</Filter>
    </ClInclude>
    <ClInclude Include="LevelScene.h">
      <Filter>Header Files</Filter>
    </ClInclude>
    <ClInclude Include="resource.h">
      <Filter>Resource Files</Filter>
    </ClInclude>
    <ClInclude Include="FoofWin32Util.h">
      <Filter>FoofUtils</Filter>
    </ClInclude>
    <ClInclude Include="GDIImageLoader.h">
      <Filter>FoofUtils</Filter>
    </ClInclude>
    <ClInclude Include="ScrollingComponent.h">
      <Filter>FoofUtils</Filter>
    </ClInclude>
    <ClInclude Include="TextureAtlasManager.h">
      <Filter>Header Files</Filter>
    </ClInclude>
    <ClInclude Include="ToolBoxWindow.h">
      <Filter>Dialogs</Filter>
    </ClInclude>
    <ClInclude Include="Globals.h">
      <Filter>Header Files</Filter>
    </ClInclude>
    <ClInclude Include="PropStruct.h">
      <Filter>Header Files</Filter>
    </ClInclude>
    <ClInclude Include="LevelFileIO.h">
      <Filter>Header Files</Filter>
    </ClInclude>
    <ClInclude Include="LevelTile.h">
      <Filter>Header Files</Filter>
    </ClInclude>
    <ClInclude Include="CamZone.h">
      <Filter>Header Files</Filter>
    </ClInclude>
    <ClInclude Include="Animation.h">
      <Filter>Header Files</Filter>
    </ClInclude>
    <ClInclude Include="Player.h">
      <Filter>Header Files</Filter>
    </ClInclude>
    <ClInclude Include="Collision.h">
      <Filter>Header Files</Filter>
    </ClInclude>
    <ClInclude Include="FoofMath.h">
      <Filter>Header Files</Filter>
    </ClInclude>
    <ClInclude Include="HazardousObject.h">
      <Filter>Header Files</Filter>
    </ClInclude>
    <ClInclude Include="ExtendedObject.h">
      <Filter>Header Files</Filter>
    </ClInclude>
    <ClInclude Include="StaticDeco.h">
      <Filter>Header Files</Filter>
    </ClInclude>
    <ClInclude Include="Mover.h">
      <Filter>Header Files</Filter>
    </ClInclude>
    <ClInclude Include="Enemy.h">
      <Filter>Header Files</Filter>
    </ClInclude>
    <ClInclude Include="EnemyWalker.h">
      <Filter>Header Files</Filter>
    </ClInclude>
    <ClInclude Include="MoverProp.h">
      <Filter>Header Files</Filter>
    </ClInclude>
    <ClInclude Include="CollisionData.h">
      <Filter>Header Files</Filter>
    </ClInclude>
    <ClInclude Include="DestructibleObject.h">
      <Filter>Header Files</Filter>
    </ClInclude>
  </ItemGroup>
  <ItemGroup>
    <ResourceCompile Include="resource.rc">
      <Filter>Resource Files</Filter>
    </ResourceCompile>
  </ItemGroup>
</Project>