
Microsoft Visual Studio Solution File, Format Version 11.00
# Visual C++ Express 2010
Project("{8BC9CEB8-8B4A-11D0-8D11-00A0C91BC942}") = "FoofLevelTileSetEditor", "FoofLevelTileSetEditor\FoofLevelTileSetEditor.vcxproj", "{686DC72A-675F-42FA-A5BE-879C2AF36004}"
EndProject
Global
	GlobalSection(SolutionConfigurationPlatforms) = preSolution
		Debug|Win32 = Debug|Win32
		Release|Win32 = Release|Win32
	EndGlobalSection
	GlobalSection(ProjectConfigurationPlatforms) = postSolution
		{686DC72A-675F-42FA-A5BE-879C2AF36004}.Debug|Win32.ActiveCfg = Debug|Win32
		{686DC72A-675F-42FA-A5BE-879C2AF36004}.Debug|Win32.Build.0 = Debug|Win32
		{686DC72A-675F-42FA-A5BE-879C2AF36004}.Release|Win32.ActiveCfg = Release|Win32
		{686DC72A-675F-42FA-A5BE-879C2AF36004}.Release|Win32.Build.0 = Release|Win32
	EndGlobalSection
	GlobalSection(SolutionProperties) = preSolution
		HideSolutionNode = FALSE
	EndGlobalSection
EndGlobal
